{
  "name": "miniprogram",
  "version": "1.0.0",
  "lockfileVersion": 1,
  "requires": true,
  "dependencies": {
    "vktool": {
      "version": "1.2.4",
      "resolved": "https://registry.npmjs.org/vktool/-/vktool-1.2.4.tgz",
      "integrity": "sha512-lhhi+8bXYU7V01zysBQ55gyHKmfPJ9bHCBokT2rl5jf2MpR85V2fqpElm2WC+RHoh9XrseGGseBfGPJxVQSjAg=="
    }
  }
}
